
Microsoft Visual Studio Solution File, Format Version 12.00
# Visual Studio Version 17
VisualStudioVersion = 17.14.36203.30
MinimumVisualStudioVersion = 10.0.40219.1
Project("{FAE04EC0-301F-11D3-BF4B-00C04F79EFBC}") = "BlazorAPIBlog", "BlazorAPIBlog.csproj", "{DECEA6BF-E751-4246-9507-F96BA55A85F1}"
EndProject
Project("{FAE04EC0-301F-11D3-BF4B-00C04F79EFBC}") = "BlogApp", "..\BlogApp\BlogApp.csproj", "{06021F46-4881-B07A-C795-7B4477BA4C8D}"
EndProject
Global
	GlobalSection(SolutionConfigurationPlatforms) = preSolution
		Debug|Any CPU = Debug|Any CPU
		Release|Any CPU = Release|Any CPU
	EndGlobalSection
	GlobalSection(ProjectConfigurationPlatforms) = postSolution
		{DECEA6BF-E751-4246-9507-F96BA55A85F1}.Debug|Any CPU.ActiveCfg = Debug|Any CPU
		{DECEA6BF-E751-4246-9507-F96BA55A85F1}.Debug|Any CPU.Build.0 = Debug|Any CPU
		{DECEA6BF-E751-4246-9507-F96BA55A85F1}.Release|Any CPU.ActiveCfg = Release|Any CPU
		{DECEA6BF-E751-4246-9507-F96BA55A85F1}.Release|Any CPU.Build.0 = Release|Any CPU
		{06021F46-4881-B07A-C795-7B4477BA4C8D}.Debug|Any CPU.ActiveCfg = Debug|Any CPU
		{06021F46-4881-B07A-C795-7B4477BA4C8D}.Debug|Any CPU.Build.0 = Debug|Any CPU
		{06021F46-4881-B07A-C795-7B4477BA4C8D}.Release|Any CPU.ActiveCfg = Release|Any CPU
		{06021F46-4881-B07A-C795-7B4477BA4C8D}.Release|Any CPU.Build.0 = Release|Any CPU
	EndGlobalSection
	GlobalSection(SolutionProperties) = preSolution
		HideSolutionNode = FALSE
	EndGlobalSection
	GlobalSection(ExtensibilityGlobals) = postSolution
		SolutionGuid = {ED3F4820-4FC6-4BE3-A22E-2FE2C4F3A593}
	EndGlobalSection
EndGlobal
